// !$*UTF8*$!
{
	archiveVersion = 1;
	classes = {
	};
	objectVersion = 50;
	objects = {

/* Begin PBXBuildFile section */
		37B84ADA24B664C800346ADE /* AppDelegate.swift in Sources */ = {isa = PBXBuildFile; fileRef = 37B84AD924B664C800346ADE /* AppDelegate.swift */; };
		37B84ADC24B664C800346ADE /* SceneDelegate.swift in Sources */ = {isa = PBXBuildFile; fileRef = 37B84ADB24B664C800346ADE /* SceneDelegate.swift */; };
		37B84ADE24B664C800346ADE /* ViewController.swift in Sources */ = {isa = PBXBuildFile; fileRef = 37B84ADD24B664C800346ADE /* ViewController.swift */; };
		37B84AE124B664C800346ADE /* Main.storyboard in Resources */ = {isa = PBXBuildFile; fileRef = 37B84ADF24B664C800346ADE /* Main.storyboard */; };
		37B84AE324B664C900346ADE /* Assets.xcassets in Resources */ = {isa = PBXBuildFile; fileRef = 37B84AE224B664C900346ADE /* Assets.xcassets */; };
		37B84AE624B664C900346ADE /* LaunchScreen.storyboard in Resources */ = {isa = PBXBuildFile; fileRef = 37B84AE424B664C900346ADE /* LaunchScreen.storyboard */; };
/* End PBXBuildFile section */

/* Begin PBXFileReference section */
		37B84AD624B664C800346ADE /* AutoLayoutPorCodigo.app */ = {isa = PBXFileReference; explicitFileType = wrapper.application; includeInIndex = 0; path = AutoLayoutPorCodigo.app; sourceTree = BUILT_PRODUCTS_DIR; };
		37B84AD924B664C800346ADE /* AppDelegate.swift */ = {isa = PBXFileReference; lastKnownFileType = sourcecode.swift; path = AppDelegate.swift; sourceTree = "<group>"; };
		37B84ADB24B664C800346ADE /* SceneDelegate.swift */ = {isa = PBXFileReference; lastKnownFileType = sourcecode.swift; path = SceneDelegate.swift; sourceTree = "<group>"; };
		37B84ADD24B664C800346ADE /* ViewController.swift */ = {isa = PBXFileReference; lastKnownFileType = sourcecode.swift; path = ViewController.swift; sourceTree = "<group>"; };
		37B84AE024B664C800346ADE /* Base */ = {isa = PBXFileReference; lastKnownFileType = file.storyboard; name = Base; path = Base.lproj/Main.storyboard; sourceTree = "<group>"; };
		37B84AE224B664C900346ADE /* Assets.xcassets */ = {isa = PBXFileReference; lastKnownFileType = folder.assetcatalog; path = Assets.xcassets; sourceTree = "<group>"; };
		37B84AE524B664C900346ADE /* Base */ = {isa = PBXFileReference; lastKnownFileType = file.storyboard; name = Base; path = Base.lproj/LaunchScreen.storyboard; sourceTree = "<group>"; };
		37B84AE724B664C900346ADE /* Info.plist */ = {isa = PBXFileReference; lastKnownFileType = text.plist.xml; path = Info.plist; sourceTree = "<group>"; };
/* End PBXFileReference section */

/* Begin PBXFrameworksBuildPhase section */
		37B84AD324B664C800346ADE /* Frameworks */ = {
			isa = PBXFrameworksBuildPhase;
			buildActionMask = 2147483647;
			files = (
			);
			runOnlyForDeploymentPostprocessing = 0;
		};
/* End PBXFrameworksBuildPhase section */

/* Begin PBXGroup section */
		37B84ACD24B664C800346ADE = {
			isa = PBXGroup;
			children = (
				37B84AD824B664C800346ADE /* AutoLayoutPorCodigo */,
				37B84AD724B664C800346ADE /* Products */,
			);
			sourceTree = "<group>";
		};
		37B84AD724B664C800346ADE /* Products */ = {
			isa = PBXGroup;
			children = (
				37B84AD624B664C800346ADE /* AutoLayoutPorCodigo.app */,
			);
			name = Products;
			sourceTree = "<group>";
		};
		37B84AD824B664C800346ADE /* AutoLayoutPorCodigo */ = {
			isa = PBXGroup;
			children = (
				37B84AD924B664C800346ADE /* AppDelegate.swift */,
				37B84ADB24B664C800346ADE /* SceneDelegate.swift */,
				37B84ADD24B664C800346ADE /* ViewController.swift */,
				37B84ADF24B664C800346ADE /* Main.storyboard */,
				37B84AE224B664C900346ADE /* Assets.xcassets */,
				37B84AE424B664C900346ADE /* LaunchScreen.storyboard */,
				37B84AE724B664C900346ADE /* Info.plist */,
			);
			path = AutoLayoutPorCodigo;
			sourceTree = "<group>";
		};
/* End PBXGroup section */

/* Begin PBXNativeTarget section */
		37B84AD524B664C800346ADE /* AutoLayoutPorCodigo */ = {
			isa = PBXNativeTarget;
			buildConfigurationList = 37B84AEA24B664C900346ADE /* Build configuration list for PBXNativeTarget "AutoLayoutPorCodigo" */;
			buildPhases = (
				37B84AD224B664C800346ADE /* Sources */,
				37B84AD324B664C800346ADE /* Frameworks */,
				37B84AD424B664C800346ADE /* Resources */,
			);
			buildRules = (
			);
			dependencies = (
			);
			name = AutoLayoutPorCodigo;
			productName = AutoLayoutPorCodigo;
			productReference = 37B84AD624B664C800346ADE /* AutoLayoutPorCodigo.app */;
			productType = "com.apple.product-type.application";
		};
/* End PBXNativeTarget section */

/* Begin PBXProject section */
		37B84ACE24B664C800346ADE /* Project object */ = {
			isa = PBXProject;
			attributes = {
				LastSwiftUpdateCheck = 1150;
				LastUpgradeCheck = 1150;
				ORGANIZATIONNAME = "Ezequiel Parada";
				TargetAttributes = {
					37B84AD524B664C800346ADE = {
						CreatedOnToolsVersion = 11.5;
					};
				};
			};
			buildConfigurationList = 37B84AD124B664C800346ADE /* Build configuration list for PBXProject "AutoLayoutPorCodigo" */;
			compatibilityVersion = "Xcode 9.3";
			developmentRegion = en;
			hasScannedForEncodings = 0;
			knownRegions = (
				en,
				Base,
			);
			mainGroup = 37B84ACD24B664C800346ADE;
			productRefGroup = 37B84AD724B664C800346ADE /* Products */;
			projectDirPath = "";
			projectRoot = "";
			targets = (
				37B84AD524B664C800346ADE /* AutoLayoutPorCodigo */,
			);
		};
/* End PBXProject section */

/* Begin PBXResourcesBuildPhase section */
		37B84AD424B664C800346ADE /* Resources */ = {
			isa = PBXResourcesBuildPhase;
			buildActionMask = 2147483647;
			files = (
				37B84AE624B664C900346ADE /* LaunchScreen.storyboard in Resources */,
				37B84AE324B664C900346ADE /* Assets.xcassets in Resources */,
				37B84AE124B664C800346ADE /* Main.storyboard in Resources */,
			);
			runOnlyForDeploymentPostprocessing = 0;
		};
/* End PBXResourcesBuildPhase section */

/* Begin PBXSourcesBuildPhase section */
		37B84AD224B664C800346ADE /* Sources */ = {
			isa = PBXSourcesBuildPhase;
			buildActionMask = 2147483647;
			files = (
				37B84ADE24B664C800346ADE /* ViewController.swift in Sources */,
				37B84ADA24B664C800346ADE /* AppDelegate.swift in Sources */,
				37B84ADC24B664C800346ADE /* SceneDelegate.swift in Sources */,
			);
			runOnlyForDeploymentPostprocessing = 0;
		};
/* End PBXSourcesBuildPhase section */

/* Begin PBXVariantGroup section */
		37B84ADF24B664C800346ADE /* Main.storyboard */ = {
			isa = PBXVariantGroup;
			children = (
				37B84AE024B664C800346ADE /* Base */,
			);
			name = Main.storyboard;
			sourceTree = "<group>";
		};
		37B84AE424B664C900346ADE /* LaunchScreen.storyboard */ = {
			isa = PBXVariantGroup;
			children = (
				37B84AE524B664C900346ADE /* Base */,
			);
			name = LaunchScreen.storyboard;
			sourceTree = "<group>";
		};
/* End PBXVariantGroup section */

/* Begin XCBuildConfiguration section */
		37B84AE824B664C900346ADE /* Debug */ = {
			isa = XCBuildConfiguration;
			buildSettings = {
				ALWAYS_SEARCH_USER_PATHS = NO;
				CLANG_ANALYZER_NONNULL = YES;
				CLANG_ANALYZER_NUMBER_OBJECT_CONVERSION = YES_AGGRESSIVE;
				CLANG_CXX_LANGUAGE_STANDARD = "gnu++14";
				CLANG_CXX_LIBRARY = "libc++";
				CLANG_ENABLE_MODULES = YES;
				CLANG_ENABLE_OBJC_ARC = YES;
				CLANG_ENABLE_OBJC_WEAK = YES;
				CLANG_WARN_BLOCK_CAPTURE_AUTORELEASING = YES;
				CLANG_WARN_BOOL_CONVERSION = YES;
				CLANG_WARN_COMMA = YES;
				CLANG_WARN_CONSTANT_CONVERSION = YES;
				CLANG_WARN_DEPRECATED_OBJC_IMPLEMENTATIONS = YES;
				CLANG_WARN_DIRECT_OBJC_ISA_USAGE = YES_ERROR;
				CLANG_WARN_DOCUMENTATION_COMMENTS = YES;
				CLANG_WARN_EMPTY_BODY = YES;
				CLANG_WARN_ENUM_CONVERSION = YES;
				CLANG_WARN_INFINITE_RECURSION = YES;
				CLANG_WARN_INT_CONVERSION = YES;
				CLANG_WARN_NON_LITERAL_NULL_CONVERSION = YES;
				CLANG_WARN_OBJC_IMPLICIT_RETAIN_SELF = YES;
				CLANG_WARN_OBJC_LITERAL_CONVERSION = YES;
				CLANG_WARN_OBJC_ROOT_CLASS = YES_ERROR;
				CLANG_WARN_RANGE_LOOP_ANALYSIS = YES;
				CLANG_WARN_STRICT_PROTOTYPES = YES;
				CLANG_WARN_SUSPICIOUS_MOVE = YES;
				CLANG_WARN_UNGUARDED_AVAILABILITY = YES_AGGRESSIVE;
				CLANG_WARN_UNREACHABLE_CODE = YES;
				CLANG_WARN__DUPLICATE_METHOD_MATCH = YES;
				COPY_PHASE_STRIP = NO;
				DEBUG_INFORMATION_FORMAT = dwarf;
				ENABLE_STRICT_OBJC_MSGSEND = YES;
				ENABLE_TESTABILITY = YES;
				GCC_C_LANGUAGE_STANDARD = gnu11;
				GCC_DYNAMIC_NO_PIC = NO;
				GCC_NO_COMMON_BLOCKS = YES;
				GCC_OPTIMIZATION_LEVEL = 0;
				GCC_PREPROCESSOR_DEFINITIONS = (
					"DEBUG=1",
					"$(inherited)",
				);
				GCC_WARN_64_TO_32_BIT_CONVERSION = YES;
				GCC_WARN_ABOUT_RETURN_TYPE = YES_ERROR;
				GCC_WARN_UNDECLARED_SELECTOR = YES;
				GCC_WARN_UNINITIALIZED_AUTOS = YES_AGGRESSIVE;
				GCC_WARN_UNUSED_FUNCTION = YES;
				GCC_WARN_UNUSED_VARIABLE = YES;
				IPHONEOS_DEPLOYMENT_TARGET = 13.5;
				MTL_ENABLE_DEBUG_INFO = INCLUDE_SOURCE;
				MTL_FAST_MATH = YES;
				ONLY_ACTIVE_ARCH = YES;
				SDKROOT = iphoneos;
				SWIFT_ACTIVE_COMPILATION_CONDITIONS = DEBUG;
				SWIFT_OPTIMIZATION_LEVEL = "-Onone";
			};
			name = Debug;
		};
		37B84AE924B664C900346ADE /* Release */ = {
			isa = XCBuildConfiguration;
			buildSettings = {
				ALWAYS_SEARCH_USER_PATHS = NO;
				CLANG_ANALYZER_NONNULL = YES;
				CLANG_ANALYZER_NUMBER_OBJECT_CONVERSION = YES_AGGRESSIVE;
				CLANG_CXX_LANGUAGE_STANDARD = "gnu++14";
				CLANG_CXX_LIBRARY = "libc++";
				CLANG_ENABLE_MODULES = YES;
				CLANG_ENABLE_OBJC_ARC = YES;
				CLANG_ENABLE_OBJC_WEAK = YES;
				CLANG_WARN_BLOCK_CAPTURE_AUTORELEASING = YES;
				CLANG_WARN_BOOL_CONVERSION = YES;
				CLANG_WARN_COMMA = YES;
				CLANG_WARN_CONSTANT_CONVERSION = YES;
				CLANG_WARN_DEPRECATED_OBJC_IMPLEMENTATIONS = YES;
				CLANG_WARN_DIRECT_OBJC_ISA_USAGE = YES_ERROR;
				CLANG_WARN_DOCUMENTATION_COMMENTS = YES;
				CLANG_WARN_EMPTY_BODY = YES;
				CLANG_WARN_ENUM_CONVERSION = YES;
				CLANG_WARN_INFINITE_RECURSION = YES;
				CLANG_WARN_INT_CONVERSION = YES;
				CLANG_WARN_NON_LITERAL_NULL_CONVERSION = YES;
				CLANG_WARN_OBJC_IMPLICIT_RETAIN_SELF = YES;
				CLANG_WARN_OBJC_LITERAL_CONVERSION = YES;
				CLANG_WARN_OBJC_ROOT_CLASS = YES_ERROR;
				CLANG_WARN_RANGE_LOOP_ANALYSIS = YES;
				CLANG_WARN_STRICT_PROTOTYPES = YES;
				CLANG_WARN_SUSPICIOUS_MOVE = YES;
				CLANG_WARN_UNGUARDED_AVAILABILITY = YES_AGGRESSIVE;
				CLANG_WARN_UNREACHABLE_CODE = YES;
				CLANG_WARN__DUPLICATE_METHOD_MATCH = YES;
				COPY_PHASE_STRIP = NO;
				DEBUG_INFORMATION_FORMAT = "dwarf-with-dsym";
				ENABLE_NS_ASSERTIONS = NO;
				ENABLE_STRICT_OBJC_MSGSEND = YES;
				GCC_C_LANGUAGE_STANDARD = gnu11;
				GCC_NO_COMMON_BLOCKS = YES;
				GCC_WARN_64_TO_32_BIT_CONVERSION = YES;
				GCC_WARN_ABOUT_RETURN_TYPE = YES_ERROR;
				GCC_WARN_UNDECLARED_SELECTOR = YES;
				GCC_WARN_UNINITIALIZED_AUTOS = YES_AGGRESSIVE;
				GCC_WARN_UNUSED_FUNCTION = YES;
				GCC_WARN_UNUSED_VARIABLE = YES;
				IPHONEOS_DEPLOYMENT_TARGET = 13.5;
				MTL_ENABLE_DEBUG_INFO = NO;
				MTL_FAST_MATH = YES;
				SDKROOT = iphoneos;
				SWIFT_COMPILATION_MODE = wholemodule;
				SWIFT_OPTIMIZATION_LEVEL = "-O";
				VALIDATE_PRODUCT = YES;
			};
			name = Release;
		};
		37B84AEB24B664C900346ADE /* Debug */ = {
			isa = XCBuildConfiguration;
			buildSettings = {
				ASSETCATALOG_COMPILER_APPICON_NAME = AppIcon;
				CODE_SIGN_STYLE = Automatic;
				DEVELOPMENT_TEAM = 8PF4PD98CF;
				INFOPLIST_FILE = AutoLayoutPorCodigo/Info.plist;
				LD_RUNPATH_SEARCH_PATHS = (
					"$(inherited)",
					"@executable_path/Frameworks",
				);
				PRODUCT_BUNDLE_IDENTIFIER = com.paradabeltran.AutoLayoutPorCodigo;
				PRODUCT_NAME = "$(TARGET_NAME)";
				SWIFT_VERSION = 5.0;
				TARGETED_DEVICE_FAMILY = "1,2";
			};
			name = Debug;
		};
		37B84AEC24B664C900346ADE /* Release */ = {
			isa = XCBuildConfiguration;
			buildSettings = {
				ASSETCATALOG_COMPILER_APPICON_NAME = AppIcon;
				CODE_SIGN_STYLE = Automatic;
				DEVELOPMENT_TEAM = 8PF4PD98CF;
				INFOPLIST_FILE = AutoLayoutPorCodigo/Info.plist;
				LD_RUNPATH_SEARCH_PATHS = (
					"$(inherited)",
					"@executable_path/Frameworks",
				);
				PRODUCT_BUNDLE_IDENTIFIER = com.paradabeltran.AutoLayoutPorCodigo;
				PRODUCT_NAME = "$(TARGET_NAME)";
				SWIFT_VERSION = 5.0;
				TARGETED_DEVICE_FAMILY = "1,2";
			};
			name = Release;
		};
/* End XCBuildConfiguration section */

/* Begin XCConfigurationList section */
		37B84AD124B664C800346ADE /* Build configuration list for PBXProject "AutoLayoutPorCodigo" */ = {
			isa = XCConfigurationList;
			buildConfigurations = (
				37B84AE824B664C900346ADE /* Debug */,
				37B84AE924B664C900346ADE /* Release */,
			);
			defaultConfigurationIsVisible = 0;
			defaultConfigurationName = Release;
		};
		37B84AEA24B664C900346ADE /* Build configuration list for PBXNativeTarget "AutoLayoutPorCodigo" */ = {
			isa = XCConfigurationList;
			buildConfigurations = (
				37B84AEB24B664C900346ADE /* Debug */,
				37B84AEC24B664C900346ADE /* Release */,
			);
			defaultConfigurationIsVisible = 0;
			defaultConfigurationName = Release;
		};
/* End XCConfigurationList section */
	};
	rootObject = 37B84ACE24B664C800346ADE /* Project object */;
}
